
Microsoft Visual Studio Solution File, Format Version 12.00
# Visual Studio Version 16
VisualStudioVersion = 16.0.30413.136
MinimumVisualStudioVersion = 10.0.40219.1
Project("{FAE04EC0-301F-11D3-BF4B-00C04F79EFBC}") = "Esdeger_Direnc_Hesaplama_Form", "Esdeger_Direnc_Hesaplama_Form\Esdeger_Direnc_Hesaplama_Form.csproj", "{75270561-6696-4A73-AA65-93F82BFDBDB4}"
EndProject
Global
	GlobalSection(SolutionConfigurationPlatforms) = preSolution
		Debug|Any CPU = Debug|Any CPU
		Release|Any CPU = Release|Any CPU
	EndGlobalSection
	GlobalSection(ProjectConfigurationPlatforms) = postSolution
		{75270561-6696-4A73-AA65-93F82BFDBDB4}.Debug|Any CPU.ActiveCfg = Debug|Any CPU
		{75270561-6696-4A73-AA65-93F82BFDBDB4}.Debug|Any CPU.Build.0 = Debug|Any CPU
		{75270561-6696-4A73-AA65-93F82BFDBDB4}.Release|Any CPU.ActiveCfg = Release|Any CPU
		{75270561-6696-4A73-AA65-93F82BFDBDB4}.Release|Any CPU.Build.0 = Release|Any CPU
	EndGlobalSection
	GlobalSection(SolutionProperties) = preSolution
		HideSolutionNode = FALSE
	EndGlobalSection
	GlobalSection(ExtensibilityGlobals) = postSolution
		SolutionGuid = {CB38FFBE-CA5B-40BB-B3BE-4C5903A9917A}
	EndGlobalSection
EndGlobal
